
Microsoft Visual Studio Solution File, Format Version 12.00
# Visual Studio Version 17
VisualStudioVersion = 17.11.35312.102
MinimumVisualStudioVersion = 10.0.40219.1
Project("{FAE04EC0-301F-11D3-BF4B-00C04F79EFBC}") = "FindMaxSubStringFromString", "FindMaxSubStringFromString\FindMaxSubStringFromString.csproj", "{FFBE5999-12BC-46D7-8E34-20E4C7553360}"
EndProject
Global
	GlobalSection(SolutionConfigurationPlatforms) = preSolution
		Debug|Any CPU = Debug|Any CPU
		Release|Any CPU = Release|Any CPU
	EndGlobalSection
	GlobalSection(ProjectConfigurationPlatforms) = postSolution
		{FFBE5999-12BC-46D7-8E34-20E4C7553360}.Debug|Any CPU.ActiveCfg = Debug|Any CPU
		{FFBE5999-12BC-46D7-8E34-20E4C7553360}.Debug|Any CPU.Build.0 = Debug|Any CPU
		{FFBE5999-12BC-46D7-8E34-20E4C7553360}.Release|Any CPU.ActiveCfg = Release|Any CPU
		{FFBE5999-12BC-46D7-8E34-20E4C7553360}.Release|Any CPU.Build.0 = Release|Any CPU
	EndGlobalSection
	GlobalSection(SolutionProperties) = preSolution
		HideSolutionNode = FALSE
	EndGlobalSection
	GlobalSection(ExtensibilityGlobals) = postSolution
		SolutionGuid = {910EA92C-FBFD-4EE0-8A96-AC05D9A049C0}
	EndGlobalSection
EndGlobal
